// !$*UTF8*$!
{
	archiveVersion = 1;
	classes = {
	};
	objectVersion = 56;
	objects = {

/* Begin PBXBuildFile section */
		F909D6552BB697EE001C73FA /* CustomCircleView.swift in Sources */ = {isa = PBXBuildFile; fileRef = F909D6542BB697EE001C73FA /* CustomCircleView.swift */; };
		F909D6572BB69A7C001C73FA /* MotionAnimationView.swift in Sources */ = {isa = PBXBuildFile; fileRef = F909D6562BB69A7C001C73FA /* MotionAnimationView.swift */; };
		F909D65A2BB70A9D001C73FA /* SettingsView.swift in Sources */ = {isa = PBXBuildFile; fileRef = F909D6592BB70A9D001C73FA /* SettingsView.swift */; };
		F909D65C2BB71ED5001C73FA /* CustomListRowView.swift in Sources */ = {isa = PBXBuildFile; fileRef = F909D65B2BB71ED5001C73FA /* CustomListRowView.swift */; };
		F9E6A5BC2BB5C18A0017BF97 /* HikeApp.swift in Sources */ = {isa = PBXBuildFile; fileRef = F9E6A5BB2BB5C18A0017BF97 /* HikeApp.swift */; };
		F9E6A5BE2BB5C18A0017BF97 /* ContentView.swift in Sources */ = {isa = PBXBuildFile; fileRef = F9E6A5BD2BB5C18A0017BF97 /* ContentView.swift */; };
		F9E6A5C02BB5C18C0017BF97 /* Assets.xcassets in Resources */ = {isa = PBXBuildFile; fileRef = F9E6A5BF2BB5C18C0017BF97 /* Assets.xcassets */; };
		F9E6A5C32BB5C18C0017BF97 /* Preview Assets.xcassets in Resources */ = {isa = PBXBuildFile; fileRef = F9E6A5C22BB5C18C0017BF97 /* Preview Assets.xcassets */; };
		F9E6A5CA2BB5C4980017BF97 /* CardView.swift in Sources */ = {isa = PBXBuildFile; fileRef = F9E6A5C92BB5C4980017BF97 /* CardView.swift */; };
		F9E6A5CD2BB5C75B0017BF97 /* CustomBackgroundView.swift in Sources */ = {isa = PBXBuildFile; fileRef = F9E6A5CC2BB5C75B0017BF97 /* CustomBackgroundView.swift */; };
		F9E6A5D02BB5CB050017BF97 /* ColorExtension.swift in Sources */ = {isa = PBXBuildFile; fileRef = F9E6A5CF2BB5CB050017BF97 /* ColorExtension.swift */; };
		F9E6A5D22BB5FAE80017BF97 /* CustomButtonView.swift in Sources */ = {isa = PBXBuildFile; fileRef = F9E6A5D12BB5FAE80017BF97 /* CustomButtonView.swift */; };
		F9E6A5D42BB605970017BF97 /* GradientButtonStyle.swift in Sources */ = {isa = PBXBuildFile; fileRef = F9E6A5D32BB605970017BF97 /* GradientButtonStyle.swift */; };
/* End PBXBuildFile section */

/* Begin PBXFileReference section */
		F909D6542BB697EE001C73FA /* CustomCircleView.swift */ = {isa = PBXFileReference; lastKnownFileType = sourcecode.swift; path = CustomCircleView.swift; sourceTree = "<group>"; };
		F909D6562BB69A7C001C73FA /* MotionAnimationView.swift */ = {isa = PBXFileReference; lastKnownFileType = sourcecode.swift; path = MotionAnimationView.swift; sourceTree = "<group>"; };
		F909D6592BB70A9D001C73FA /* SettingsView.swift */ = {isa = PBXFileReference; lastKnownFileType = sourcecode.swift; path = SettingsView.swift; sourceTree = "<group>"; };
		F909D65B2BB71ED5001C73FA /* CustomListRowView.swift */ = {isa = PBXFileReference; lastKnownFileType = sourcecode.swift; path = CustomListRowView.swift; sourceTree = "<group>"; };
		F9E6A5B82BB5C18A0017BF97 /* Hike.app */ = {isa = PBXFileReference; explicitFileType = wrapper.application; includeInIndex = 0; path = Hike.app; sourceTree = BUILT_PRODUCTS_DIR; };
		F9E6A5BB2BB5C18A0017BF97 /* HikeApp.swift */ = {isa = PBXFileReference; lastKnownFileType = sourcecode.swift; path = HikeApp.swift; sourceTree = "<group>"; };
		F9E6A5BD2BB5C18A0017BF97 /* ContentView.swift */ = {isa = PBXFileReference; lastKnownFileType = sourcecode.swift; path = ContentView.swift; sourceTree = "<group>"; };
		F9E6A5BF2BB5C18C0017BF97 /* Assets.xcassets */ = {isa = PBXFileReference; lastKnownFileType = folder.assetcatalog; path = Assets.xcassets; sourceTree = "<group>"; };
		F9E6A5C22BB5C18C0017BF97 /* Preview Assets.xcassets */ = {isa = PBXFileReference; lastKnownFileType = folder.assetcatalog; path = "Preview Assets.xcassets"; sourceTree = "<group>"; };
		F9E6A5C92BB5C4980017BF97 /* CardView.swift */ = {isa = PBXFileReference; lastKnownFileType = sourcecode.swift; path = CardView.swift; sourceTree = "<group>"; };
		F9E6A5CC2BB5C75B0017BF97 /* CustomBackgroundView.swift */ = {isa = PBXFileReference; lastKnownFileType = sourcecode.swift; path = CustomBackgroundView.swift; sourceTree = "<group>"; };
		F9E6A5CF2BB5CB050017BF97 /* ColorExtension.swift */ = {isa = PBXFileReference; lastKnownFileType = sourcecode.swift; path = ColorExtension.swift; sourceTree = "<group>"; };
		F9E6A5D12BB5FAE80017BF97 /* CustomButtonView.swift */ = {isa = PBXFileReference; lastKnownFileType = sourcecode.swift; path = CustomButtonView.swift; sourceTree = "<group>"; };
		F9E6A5D32BB605970017BF97 /* GradientButtonStyle.swift */ = {isa = PBXFileReference; lastKnownFileType = sourcecode.swift; path = GradientButtonStyle.swift; sourceTree = "<group>"; };
/* End PBXFileReference section */

/* Begin PBXFrameworksBuildPhase section */
		F9E6A5B52BB5C18A0017BF97 /* Frameworks */ = {
			isa = PBXFrameworksBuildPhase;
			buildActionMask = 2147483647;
			files = (
			);
			runOnlyForDeploymentPostprocessing = 0;
		};
/* End PBXFrameworksBuildPhase section */

/* Begin PBXGroup section */
		F909D6582BB70A6E001C73FA /* Screen */ = {
			isa = PBXGroup;
			children = (
				F9E6A5BD2BB5C18A0017BF97 /* ContentView.swift */,
				F909D6592BB70A9D001C73FA /* SettingsView.swift */,
			);
			path = Screen;
			sourceTree = "<group>";
		};
		F9E6A5AF2BB5C18A0017BF97 = {
			isa = PBXGroup;
			children = (
				F9E6A5BA2BB5C18A0017BF97 /* Hike */,
				F9E6A5B92BB5C18A0017BF97 /* Products */,
			);
			sourceTree = "<group>";
		};
		F9E6A5B92BB5C18A0017BF97 /* Products */ = {
			isa = PBXGroup;
			children = (
				F9E6A5B82BB5C18A0017BF97 /* Hike.app */,
			);
			name = Products;
			sourceTree = "<group>";
		};
		F9E6A5BA2BB5C18A0017BF97 /* Hike */ = {
			isa = PBXGroup;
			children = (
				F9E6A5BB2BB5C18A0017BF97 /* HikeApp.swift */,
				F9E6A5CE2BB5C9EB0017BF97 /* Utility */,
				F9E6A5CB2BB5C7070017BF97 /* Components */,
				F909D6582BB70A6E001C73FA /* Screen */,
				F9E6A5BF2BB5C18C0017BF97 /* Assets.xcassets */,
				F9E6A5C12BB5C18C0017BF97 /* Preview Content */,
			);
			path = Hike;
			sourceTree = "<group>";
		};
		F9E6A5C12BB5C18C0017BF97 /* Preview Content */ = {
			isa = PBXGroup;
			children = (
				F9E6A5C22BB5C18C0017BF97 /* Preview Assets.xcassets */,
			);
			path = "Preview Content";
			sourceTree = "<group>";
		};
		F9E6A5CB2BB5C7070017BF97 /* Components */ = {
			isa = PBXGroup;
			children = (
				F9E6A5C92BB5C4980017BF97 /* CardView.swift */,
				F9E6A5CC2BB5C75B0017BF97 /* CustomBackgroundView.swift */,
				F9E6A5D12BB5FAE80017BF97 /* CustomButtonView.swift */,
				F909D6542BB697EE001C73FA /* CustomCircleView.swift */,
				F909D6562BB69A7C001C73FA /* MotionAnimationView.swift */,
				F909D65B2BB71ED5001C73FA /* CustomListRowView.swift */,
			);
			path = Components;
			sourceTree = "<group>";
		};
		F9E6A5CE2BB5C9EB0017BF97 /* Utility */ = {
			isa = PBXGroup;
			children = (
				F9E6A5CF2BB5CB050017BF97 /* ColorExtension.swift */,
				F9E6A5D32BB605970017BF97 /* GradientButtonStyle.swift */,
			);
			path = Utility;
			sourceTree = "<group>";
		};
/* End PBXGroup section */

/* Begin PBXNativeTarget section */
		F9E6A5B72BB5C18A0017BF97 /* Hike */ = {
			isa = PBXNativeTarget;
			buildConfigurationList = F9E6A5C62BB5C18C0017BF97 /* Build configuration list for PBXNativeTarget "Hike" */;
			buildPhases = (
				F9E6A5B42BB5C18A0017BF97 /* Sources */,
				F9E6A5B52BB5C18A0017BF97 /* Frameworks */,
				F9E6A5B62BB5C18A0017BF97 /* Resources */,
			);
			buildRules = (
			);
			dependencies = (
			);
			name = Hike;
			productName = Hike;
			productReference = F9E6A5B82BB5C18A0017BF97 /* Hike.app */;
			productType = "com.apple.product-type.application";
		};
/* End PBXNativeTarget section */

/* Begin PBXProject section */
		F9E6A5B02BB5C18A0017BF97 /* Project object */ = {
			isa = PBXProject;
			attributes = {
				BuildIndependentTargetsInParallel = 1;
				LastSwiftUpdateCheck = 1520;
				LastUpgradeCheck = 1520;
				TargetAttributes = {
					F9E6A5B72BB5C18A0017BF97 = {
						CreatedOnToolsVersion = 15.2;
					};
				};
			};
			buildConfigurationList = F9E6A5B32BB5C18A0017BF97 /* Build configuration list for PBXProject "Hike" */;
			compatibilityVersion = "Xcode 14.0";
			developmentRegion = en;
			hasScannedForEncodings = 0;
			knownRegions = (
				en,
				Base,
			);
			mainGroup = F9E6A5AF2BB5C18A0017BF97;
			productRefGroup = F9E6A5B92BB5C18A0017BF97 /* Products */;
			projectDirPath = "";
			projectRoot = "";
			targets = (
				F9E6A5B72BB5C18A0017BF97 /* Hike */,
			);
		};
/* End PBXProject section */

/* Begin PBXResourcesBuildPhase section */
		F9E6A5B62BB5C18A0017BF97 /* Resources */ = {
			isa = PBXResourcesBuildPhase;
			buildActionMask = 2147483647;
			files = (
				F9E6A5C32BB5C18C0017BF97 /* Preview Assets.xcassets in Resources */,
				F9E6A5C02BB5C18C0017BF97 /* Assets.xcassets in Resources */,
			);
			runOnlyForDeploymentPostprocessing = 0;
		};
/* End PBXResourcesBuildPhase section */

/* Begin PBXSourcesBuildPhase section */
		F9E6A5B42BB5C18A0017BF97 /* Sources */ = {
			isa = PBXSourcesBuildPhase;
			buildActionMask = 2147483647;
			files = (
				F9E6A5BE2BB5C18A0017BF97 /* ContentView.swift in Sources */,
				F909D6552BB697EE001C73FA /* CustomCircleView.swift in Sources */,
				F909D65C2BB71ED5001C73FA /* CustomListRowView.swift in Sources */,
				F9E6A5CA2BB5C4980017BF97 /* CardView.swift in Sources */,
				F9E6A5BC2BB5C18A0017BF97 /* HikeApp.swift in Sources */,
				F9E6A5D22BB5FAE80017BF97 /* CustomButtonView.swift in Sources */,
				F909D65A2BB70A9D001C73FA /* SettingsView.swift in Sources */,
				F9E6A5D42BB605970017BF97 /* GradientButtonStyle.swift in Sources */,
				F909D6572BB69A7C001C73FA /* MotionAnimationView.swift in Sources */,
				F9E6A5CD2BB5C75B0017BF97 /* CustomBackgroundView.swift in Sources */,
				F9E6A5D02BB5CB050017BF97 /* ColorExtension.swift in Sources */,
			);
			runOnlyForDeploymentPostprocessing = 0;
		};
/* End PBXSourcesBuildPhase section */

/* Begin XCBuildConfiguration section */
		F9E6A5C42BB5C18C0017BF97 /* Debug */ = {
			isa = XCBuildConfiguration;
			buildSettings = {
				ALWAYS_SEARCH_USER_PATHS = NO;
				ASSETCATALOG_COMPILER_GENERATE_SWIFT_ASSET_SYMBOL_EXTENSIONS = YES;
				CLANG_ANALYZER_NONNULL = YES;
				CLANG_ANALYZER_NUMBER_OBJECT_CONVERSION = YES_AGGRESSIVE;
				CLANG_CXX_LANGUAGE_STANDARD = "gnu++20";
				CLANG_ENABLE_MODULES = YES;
				CLANG_ENABLE_OBJC_ARC = YES;
				CLANG_ENABLE_OBJC_WEAK = YES;
				CLANG_WARN_BLOCK_CAPTURE_AUTORELEASING = YES;
				CLANG_WARN_BOOL_CONVERSION = YES;
				CLANG_WARN_COMMA = YES;
				CLANG_WARN_CONSTANT_CONVERSION = YES;
				CLANG_WARN_DEPRECATED_OBJC_IMPLEMENTATIONS = YES;
				CLANG_WARN_DIRECT_OBJC_ISA_USAGE = YES_ERROR;
				CLANG_WARN_DOCUMENTATION_COMMENTS = YES;
				CLANG_WARN_EMPTY_BODY = YES;
				CLANG_WARN_ENUM_CONVERSION = YES;
				CLANG_WARN_INFINITE_RECURSION = YES;
				CLANG_WARN_INT_CONVERSION = YES;
				CLANG_WARN_NON_LITERAL_NULL_CONVERSION = YES;
				CLANG_WARN_OBJC_IMPLICIT_RETAIN_SELF = YES;
				CLANG_WARN_OBJC_LITERAL_CONVERSION = YES;
				CLANG_WARN_OBJC_ROOT_CLASS = YES_ERROR;
				CLANG_WARN_QUOTED_INCLUDE_IN_FRAMEWORK_HEADER = YES;
				CLANG_WARN_RANGE_LOOP_ANALYSIS = YES;
				CLANG_WARN_STRICT_PROTOTYPES = YES;
				CLANG_WARN_SUSPICIOUS_MOVE = YES;
				CLANG_WARN_UNGUARDED_AVAILABILITY = YES_AGGRESSIVE;
				CLANG_WARN_UNREACHABLE_CODE = YES;
				CLANG_WARN__DUPLICATE_METHOD_MATCH = YES;
				COPY_PHASE_STRIP = NO;
				DEBUG_INFORMATION_FORMAT = dwarf;
				ENABLE_STRICT_OBJC_MSGSEND = YES;
				ENABLE_TESTABILITY = YES;
				ENABLE_USER_SCRIPT_SANDBOXING = YES;
				GCC_C_LANGUAGE_STANDARD = gnu17;
				GCC_DYNAMIC_NO_PIC = NO;
				GCC_NO_COMMON_BLOCKS = YES;
				GCC_OPTIMIZATION_LEVEL = 0;
				GCC_PREPROCESSOR_DEFINITIONS = (
					"DEBUG=1",
					"$(inherited)",
				);
				GCC_WARN_64_TO_32_BIT_CONVERSION = YES;
				GCC_WARN_ABOUT_RETURN_TYPE = YES_ERROR;
				GCC_WARN_UNDECLARED_SELECTOR = YES;
				GCC_WARN_UNINITIALIZED_AUTOS = YES_AGGRESSIVE;
				GCC_WARN_UNUSED_FUNCTION = YES;
				GCC_WARN_UNUSED_VARIABLE = YES;
				IPHONEOS_DEPLOYMENT_TARGET = 17.2;
				LOCALIZATION_PREFERS_STRING_CATALOGS = YES;
				MTL_ENABLE_DEBUG_INFO = INCLUDE_SOURCE;
				MTL_FAST_MATH = YES;
				ONLY_ACTIVE_ARCH = YES;
				SDKROOT = iphoneos;
				SWIFT_ACTIVE_COMPILATION_CONDITIONS = "DEBUG $(inherited)";
				SWIFT_OPTIMIZATION_LEVEL = "-Onone";
			};
			name = Debug;
		};
		F9E6A5C52BB5C18C0017BF97 /* Release */ = {
			isa = XCBuildConfiguration;
			buildSettings = {
				ALWAYS_SEARCH_USER_PATHS = NO;
				ASSETCATALOG_COMPILER_GENERATE_SWIFT_ASSET_SYMBOL_EXTENSIONS = YES;
				CLANG_ANALYZER_NONNULL = YES;
				CLANG_ANALYZER_NUMBER_OBJECT_CONVERSION = YES_AGGRESSIVE;
				CLANG_CXX_LANGUAGE_STANDARD = "gnu++20";
				CLANG_ENABLE_MODULES = YES;
				CLANG_ENABLE_OBJC_ARC = YES;
				CLANG_ENABLE_OBJC_WEAK = YES;
				CLANG_WARN_BLOCK_CAPTURE_AUTORELEASING = YES;
				CLANG_WARN_BOOL_CONVERSION = YES;
				CLANG_WARN_COMMA = YES;
				CLANG_WARN_CONSTANT_CONVERSION = YES;
				CLANG_WARN_DEPRECATED_OBJC_IMPLEMENTATIONS = YES;
				CLANG_WARN_DIRECT_OBJC_ISA_USAGE = YES_ERROR;
				CLANG_WARN_DOCUMENTATION_COMMENTS = YES;
				CLANG_WARN_EMPTY_BODY = YES;
				CLANG_WARN_ENUM_CONVERSION = YES;
				CLANG_WARN_INFINITE_RECURSION = YES;
				CLANG_WARN_INT_CONVERSION = YES;
				CLANG_WARN_NON_LITERAL_NULL_CONVERSION = YES;
				CLANG_WARN_OBJC_IMPLICIT_RETAIN_SELF = YES;
				CLANG_WARN_OBJC_LITERAL_CONVERSION = YES;
				CLANG_WARN_OBJC_ROOT_CLASS = YES_ERROR;
				CLANG_WARN_QUOTED_INCLUDE_IN_FRAMEWORK_HEADER = YES;
				CLANG_WARN_RANGE_LOOP_ANALYSIS = YES;
				CLANG_WARN_STRICT_PROTOTYPES = YES;
				CLANG_WARN_SUSPICIOUS_MOVE = YES;
				CLANG_WARN_UNGUARDED_AVAILABILITY = YES_AGGRESSIVE;
				CLANG_WARN_UNREACHABLE_CODE = YES;
				CLANG_WARN__DUPLICATE_METHOD_MATCH = YES;
				COPY_PHASE_STRIP = NO;
				DEBUG_INFORMATION_FORMAT = "dwarf-with-dsym";
				ENABLE_NS_ASSERTIONS = NO;
				ENABLE_STRICT_OBJC_MSGSEND = YES;
				ENABLE_USER_SCRIPT_SANDBOXING = YES;
				GCC_C_LANGUAGE_STANDARD = gnu17;
				GCC_NO_COMMON_BLOCKS = YES;
				GCC_WARN_64_TO_32_BIT_CONVERSION = YES;
				GCC_WARN_ABOUT_RETURN_TYPE = YES_ERROR;
				GCC_WARN_UNDECLARED_SELECTOR = YES;
				GCC_WARN_UNINITIALIZED_AUTOS = YES_AGGRESSIVE;
				GCC_WARN_UNUSED_FUNCTION = YES;
				GCC_WARN_UNUSED_VARIABLE = YES;
				IPHONEOS_DEPLOYMENT_TARGET = 17.2;
				LOCALIZATION_PREFERS_STRING_CATALOGS = YES;
				MTL_ENABLE_DEBUG_INFO = NO;
				MTL_FAST_MATH = YES;
				SDKROOT = iphoneos;
				SWIFT_COMPILATION_MODE = wholemodule;
				VALIDATE_PRODUCT = YES;
			};
			name = Release;
		};
		F9E6A5C72BB5C18C0017BF97 /* Debug */ = {
			isa = XCBuildConfiguration;
			buildSettings = {
				ASSETCATALOG_COMPILER_APPICON_NAME = AppIcon;
				ASSETCATALOG_COMPILER_GLOBAL_ACCENT_COLOR_NAME = AccentColor;
				ASSETCATALOG_COMPILER_INCLUDE_ALL_APPICON_ASSETS = YES;
				CODE_SIGN_STYLE = Automatic;
				CURRENT_PROJECT_VERSION = 1;
				DEVELOPMENT_ASSET_PATHS = "\"Hike/Preview Content\"";
				DEVELOPMENT_TEAM = BMR3W6XL26;
				ENABLE_PREVIEWS = YES;
				GENERATE_INFOPLIST_FILE = YES;
				INFOPLIST_KEY_UIApplicationSceneManifest_Generation = YES;
				INFOPLIST_KEY_UIApplicationSupportsIndirectInputEvents = YES;
				INFOPLIST_KEY_UILaunchScreen_Generation = YES;
				INFOPLIST_KEY_UISupportedInterfaceOrientations_iPad = "UIInterfaceOrientationPortrait UIInterfaceOrientationPortraitUpsideDown UIInterfaceOrientationLandscapeLeft UIInterfaceOrientationLandscapeRight";
				INFOPLIST_KEY_UISupportedInterfaceOrientations_iPhone = "UIInterfaceOrientationPortrait UIInterfaceOrientationLandscapeLeft UIInterfaceOrientationLandscapeRight";
				LD_RUNPATH_SEARCH_PATHS = (
					"$(inherited)",
					"@executable_path/Frameworks",
				);
				MARKETING_VERSION = 1.0;
				PRODUCT_BUNDLE_IDENTIFIER = com.ceil.Hike;
				PRODUCT_NAME = "$(TARGET_NAME)";
				SWIFT_EMIT_LOC_STRINGS = YES;
				SWIFT_VERSION = 5.0;
				TARGETED_DEVICE_FAMILY = "1,2";
			};
			name = Debug;
		};
		F9E6A5C82BB5C18C0017BF97 /* Release */ = {
			isa = XCBuildConfiguration;
			buildSettings = {
				ASSETCATALOG_COMPILER_APPICON_NAME = AppIcon;
				ASSETCATALOG_COMPILER_GLOBAL_ACCENT_COLOR_NAME = AccentColor;
				ASSETCATALOG_COMPILER_INCLUDE_ALL_APPICON_ASSETS = YES;
				CODE_SIGN_STYLE = Automatic;
				CURRENT_PROJECT_VERSION = 1;
				DEVELOPMENT_ASSET_PATHS = "\"Hike/Preview Content\"";
				DEVELOPMENT_TEAM = BMR3W6XL26;
				ENABLE_PREVIEWS = YES;
				GENERATE_INFOPLIST_FILE = YES;
				INFOPLIST_KEY_UIApplicationSceneManifest_Generation = YES;
				INFOPLIST_KEY_UIApplicationSupportsIndirectInputEvents = YES;
				INFOPLIST_KEY_UILaunchScreen_Generation = YES;
				INFOPLIST_KEY_UISupportedInterfaceOrientations_iPad = "UIInterfaceOrientationPortrait UIInterfaceOrientationPortraitUpsideDown UIInterfaceOrientationLandscapeLeft UIInterfaceOrientationLandscapeRight";
				INFOPLIST_KEY_UISupportedInterfaceOrientations_iPhone = "UIInterfaceOrientationPortrait UIInterfaceOrientationLandscapeLeft UIInterfaceOrientationLandscapeRight";
				LD_RUNPATH_SEARCH_PATHS = (
					"$(inherited)",
					"@executable_path/Frameworks",
				);
				MARKETING_VERSION = 1.0;
				PRODUCT_BUNDLE_IDENTIFIER = com.ceil.Hike;
				PRODUCT_NAME = "$(TARGET_NAME)";
				SWIFT_EMIT_LOC_STRINGS = YES;
				SWIFT_VERSION = 5.0;
				TARGETED_DEVICE_FAMILY = "1,2";
			};
			name = Release;
		};
/* End XCBuildConfiguration section */

/* Begin XCConfigurationList section */
		F9E6A5B32BB5C18A0017BF97 /* Build configuration list for PBXProject "Hike" */ = {
			isa = XCConfigurationList;
			buildConfigurations = (
				F9E6A5C42BB5C18C0017BF97 /* Debug */,
				F9E6A5C52BB5C18C0017BF97 /* Release */,
			);
			defaultConfigurationIsVisible = 0;
			defaultConfigurationName = Release;
		};
		F9E6A5C62BB5C18C0017BF97 /* Build configuration list for PBXNativeTarget "Hike" */ = {
			isa = XCConfigurationList;
			buildConfigurations = (
				F9E6A5C72BB5C18C0017BF97 /* Debug */,
				F9E6A5C82BB5C18C0017BF97 /* Release */,
			);
			defaultConfigurationIsVisible = 0;
			defaultConfigurationName = Release;
		};
/* End XCConfigurationList section */
	};
	rootObject = F9E6A5B02BB5C18A0017BF97 /* Project object */;
}
